<Solution>
  <Folder Name="/src/">
    <Project Path="src/Lopen.Cli/Lopen.Cli.csproj" />
    <Project Path="src/Lopen.Core/Lopen.Core.csproj" />
  </Folder>
  <Folder Name="/tests/">
    <Project Path="tests/Lopen.Cli.Tests/Lopen.Cli.Tests.csproj" />
    <Project Path="tests/Lopen.Core.Tests/Lopen.Core.Tests.csproj" />
  </Folder>
</Solution>
